// !$*UTF8*$!
{
	archiveVersion = 1;
	classes = {
	};
	objectVersion = 50;
	objects = {

/* Begin PBXBuildFile section */
		71510F1E26737D9300AE91D3 /* AppDelegate.swift in Sources */ = {isa = PBXBuildFile; fileRef = 71510F1D26737D9300AE91D3 /* AppDelegate.swift */; };
		71510F2026737D9300AE91D3 /* SceneDelegate.swift in Sources */ = {isa = PBXBuildFile; fileRef = 71510F1F26737D9300AE91D3 /* SceneDelegate.swift */; };
		71510F2226737D9300AE91D3 /* ContentView.swift in Sources */ = {isa = PBXBuildFile; fileRef = 71510F2126737D9300AE91D3 /* ContentView.swift */; };
		71510F2426737D9500AE91D3 /* Assets.xcassets in Resources */ = {isa = PBXBuildFile; fileRef = 71510F2326737D9500AE91D3 /* Assets.xcassets */; };
		71510F2726737D9500AE91D3 /* Preview Assets.xcassets in Resources */ = {isa = PBXBuildFile; fileRef = 71510F2626737D9500AE91D3 /* Preview Assets.xcassets */; };
		71510F2A26737D9500AE91D3 /* LaunchScreen.storyboard in Resources */ = {isa = PBXBuildFile; fileRef = 71510F2826737D9500AE91D3 /* LaunchScreen.storyboard */; };
		71510F32267398DD00AE91D3 /* SliderFromUIKit.swift in Sources */ = {isa = PBXBuildFile; fileRef = 71510F31267398DD00AE91D3 /* SliderFromUIKit.swift */; };
/* End PBXBuildFile section */

/* Begin PBXFileReference section */
		71510F1A26737D9300AE91D3 /* SlidersUIKitSwiftUI.app */ = {isa = PBXFileReference; explicitFileType = wrapper.application; includeInIndex = 0; path = SlidersUIKitSwiftUI.app; sourceTree = BUILT_PRODUCTS_DIR; };
		71510F1D26737D9300AE91D3 /* AppDelegate.swift */ = {isa = PBXFileReference; lastKnownFileType = sourcecode.swift; path = AppDelegate.swift; sourceTree = "<group>"; };
		71510F1F26737D9300AE91D3 /* SceneDelegate.swift */ = {isa = PBXFileReference; lastKnownFileType = sourcecode.swift; path = SceneDelegate.swift; sourceTree = "<group>"; };
		71510F2126737D9300AE91D3 /* ContentView.swift */ = {isa = PBXFileReference; lastKnownFileType = sourcecode.swift; path = ContentView.swift; sourceTree = "<group>"; };
		71510F2326737D9500AE91D3 /* Assets.xcassets */ = {isa = PBXFileReference; lastKnownFileType = folder.assetcatalog; path = Assets.xcassets; sourceTree = "<group>"; };
		71510F2626737D9500AE91D3 /* Preview Assets.xcassets */ = {isa = PBXFileReference; lastKnownFileType = folder.assetcatalog; path = "Preview Assets.xcassets"; sourceTree = "<group>"; };
		71510F2926737D9500AE91D3 /* Base */ = {isa = PBXFileReference; lastKnownFileType = file.storyboard; name = Base; path = Base.lproj/LaunchScreen.storyboard; sourceTree = "<group>"; };
		71510F2B26737D9500AE91D3 /* Info.plist */ = {isa = PBXFileReference; lastKnownFileType = text.plist.xml; path = Info.plist; sourceTree = "<group>"; };
		71510F31267398DD00AE91D3 /* SliderFromUIKit.swift */ = {isa = PBXFileReference; lastKnownFileType = sourcecode.swift; path = SliderFromUIKit.swift; sourceTree = "<group>"; };
/* End PBXFileReference section */

/* Begin PBXFrameworksBuildPhase section */
		71510F1726737D9300AE91D3 /* Frameworks */ = {
			isa = PBXFrameworksBuildPhase;
			buildActionMask = 2147483647;
			files = (
			);
			runOnlyForDeploymentPostprocessing = 0;
		};
/* End PBXFrameworksBuildPhase section */

/* Begin PBXGroup section */
		71510F1126737D9300AE91D3 = {
			isa = PBXGroup;
			children = (
				71510F1C26737D9300AE91D3 /* SlidersUIKitSwiftUI */,
				71510F1B26737D9300AE91D3 /* Products */,
			);
			sourceTree = "<group>";
		};
		71510F1B26737D9300AE91D3 /* Products */ = {
			isa = PBXGroup;
			children = (
				71510F1A26737D9300AE91D3 /* SlidersUIKitSwiftUI.app */,
			);
			name = Products;
			sourceTree = "<group>";
		};
		71510F1C26737D9300AE91D3 /* SlidersUIKitSwiftUI */ = {
			isa = PBXGroup;
			children = (
				71510F1D26737D9300AE91D3 /* AppDelegate.swift */,
				71510F1F26737D9300AE91D3 /* SceneDelegate.swift */,
				71510F2126737D9300AE91D3 /* ContentView.swift */,
				71510F31267398DD00AE91D3 /* SliderFromUIKit.swift */,
				71510F2326737D9500AE91D3 /* Assets.xcassets */,
				71510F2826737D9500AE91D3 /* LaunchScreen.storyboard */,
				71510F2B26737D9500AE91D3 /* Info.plist */,
				71510F2526737D9500AE91D3 /* Preview Content */,
			);
			path = SlidersUIKitSwiftUI;
			sourceTree = "<group>";
		};
		71510F2526737D9500AE91D3 /* Preview Content */ = {
			isa = PBXGroup;
			children = (
				71510F2626737D9500AE91D3 /* Preview Assets.xcassets */,
			);
			path = "Preview Content";
			sourceTree = "<group>";
		};
/* End PBXGroup section */

/* Begin PBXNativeTarget section */
		71510F1926737D9300AE91D3 /* SlidersUIKitSwiftUI */ = {
			isa = PBXNativeTarget;
			buildConfigurationList = 71510F2E26737D9500AE91D3 /* Build configuration list for PBXNativeTarget "SlidersUIKitSwiftUI" */;
			buildPhases = (
				71510F1626737D9300AE91D3 /* Sources */,
				71510F1726737D9300AE91D3 /* Frameworks */,
				71510F1826737D9300AE91D3 /* Resources */,
			);
			buildRules = (
			);
			dependencies = (
			);
			name = SlidersUIKitSwiftUI;
			productName = SlidersUIKitSwiftUI;
			productReference = 71510F1A26737D9300AE91D3 /* SlidersUIKitSwiftUI.app */;
			productType = "com.apple.product-type.application";
		};
/* End PBXNativeTarget section */

/* Begin PBXProject section */
		71510F1226737D9300AE91D3 /* Project object */ = {
			isa = PBXProject;
			attributes = {
				LastSwiftUpdateCheck = 1250;
				LastUpgradeCheck = 1250;
				TargetAttributes = {
					71510F1926737D9300AE91D3 = {
						CreatedOnToolsVersion = 12.5;
					};
				};
			};
			buildConfigurationList = 71510F1526737D9300AE91D3 /* Build configuration list for PBXProject "SlidersUIKitSwiftUI" */;
			compatibilityVersion = "Xcode 9.3";
			developmentRegion = en;
			hasScannedForEncodings = 0;
			knownRegions = (
				en,
				Base,
			);
			mainGroup = 71510F1126737D9300AE91D3;
			productRefGroup = 71510F1B26737D9300AE91D3 /* Products */;
			projectDirPath = "";
			projectRoot = "";
			targets = (
				71510F1926737D9300AE91D3 /* SlidersUIKitSwiftUI */,
			);
		};
/* End PBXProject section */

/* Begin PBXResourcesBuildPhase section */
		71510F1826737D9300AE91D3 /* Resources */ = {
			isa = PBXResourcesBuildPhase;
			buildActionMask = 2147483647;
			files = (
				71510F2A26737D9500AE91D3 /* LaunchScreen.storyboard in Resources */,
				71510F2726737D9500AE91D3 /* Preview Assets.xcassets in Resources */,
				71510F2426737D9500AE91D3 /* Assets.xcassets in Resources */,
			);
			runOnlyForDeploymentPostprocessing = 0;
		};
/* End PBXResourcesBuildPhase section */

/* Begin PBXSourcesBuildPhase section */
		71510F1626737D9300AE91D3 /* Sources */ = {
			isa = PBXSourcesBuildPhase;
			buildActionMask = 2147483647;
			files = (
				71510F1E26737D9300AE91D3 /* AppDelegate.swift in Sources */,
				71510F32267398DD00AE91D3 /* SliderFromUIKit.swift in Sources */,
				71510F2026737D9300AE91D3 /* SceneDelegate.swift in Sources */,
				71510F2226737D9300AE91D3 /* ContentView.swift in Sources */,
			);
			runOnlyForDeploymentPostprocessing = 0;
		};
/* End PBXSourcesBuildPhase section */

/* Begin PBXVariantGroup section */
		71510F2826737D9500AE91D3 /* LaunchScreen.storyboard */ = {
			isa = PBXVariantGroup;
			children = (
				71510F2926737D9500AE91D3 /* Base */,
			);
			name = LaunchScreen.storyboard;
			sourceTree = "<group>";
		};
/* End PBXVariantGroup section */

/* Begin XCBuildConfiguration section */
		71510F2C26737D9500AE91D3 /* Debug */ = {
			isa = XCBuildConfiguration;
			buildSettings = {
				ALWAYS_SEARCH_USER_PATHS = NO;
				CLANG_ANALYZER_NONNULL = YES;
				CLANG_ANALYZER_NUMBER_OBJECT_CONVERSION = YES_AGGRESSIVE;
				CLANG_CXX_LANGUAGE_STANDARD = "gnu++14";
				CLANG_CXX_LIBRARY = "libc++";
				CLANG_ENABLE_MODULES = YES;
				CLANG_ENABLE_OBJC_ARC = YES;
				CLANG_ENABLE_OBJC_WEAK = YES;
				CLANG_WARN_BLOCK_CAPTURE_AUTORELEASING = YES;
				CLANG_WARN_BOOL_CONVERSION = YES;
				CLANG_WARN_COMMA = YES;
				CLANG_WARN_CONSTANT_CONVERSION = YES;
				CLANG_WARN_DEPRECATED_OBJC_IMPLEMENTATIONS = YES;
				CLANG_WARN_DIRECT_OBJC_ISA_USAGE = YES_ERROR;
				CLANG_WARN_DOCUMENTATION_COMMENTS = YES;
				CLANG_WARN_EMPTY_BODY = YES;
				CLANG_WARN_ENUM_CONVERSION = YES;
				CLANG_WARN_INFINITE_RECURSION = YES;
				CLANG_WARN_INT_CONVERSION = YES;
				CLANG_WARN_NON_LITERAL_NULL_CONVERSION = YES;
				CLANG_WARN_OBJC_IMPLICIT_RETAIN_SELF = YES;
				CLANG_WARN_OBJC_LITERAL_CONVERSION = YES;
				CLANG_WARN_OBJC_ROOT_CLASS = YES_ERROR;
				CLANG_WARN_QUOTED_INCLUDE_IN_FRAMEWORK_HEADER = YES;
				CLANG_WARN_RANGE_LOOP_ANALYSIS = YES;
				CLANG_WARN_STRICT_PROTOTYPES = YES;
				CLANG_WARN_SUSPICIOUS_MOVE = YES;
				CLANG_WARN_UNGUARDED_AVAILABILITY = YES_AGGRESSIVE;
				CLANG_WARN_UNREACHABLE_CODE = YES;
				CLANG_WARN__DUPLICATE_METHOD_MATCH = YES;
				COPY_PHASE_STRIP = NO;
				DEBUG_INFORMATION_FORMAT = dwarf;
				ENABLE_STRICT_OBJC_MSGSEND = YES;
				ENABLE_TESTABILITY = YES;
				GCC_C_LANGUAGE_STANDARD = gnu11;
				GCC_DYNAMIC_NO_PIC = NO;
				GCC_NO_COMMON_BLOCKS = YES;
				GCC_OPTIMIZATION_LEVEL = 0;
				GCC_PREPROCESSOR_DEFINITIONS = (
					"DEBUG=1",
					"$(inherited)",
				);
				GCC_WARN_64_TO_32_BIT_CONVERSION = YES;
				GCC_WARN_ABOUT_RETURN_TYPE = YES_ERROR;
				GCC_WARN_UNDECLARED_SELECTOR = YES;
				GCC_WARN_UNINITIALIZED_AUTOS = YES_AGGRESSIVE;
				GCC_WARN_UNUSED_FUNCTION = YES;
				GCC_WARN_UNUSED_VARIABLE = YES;
				IPHONEOS_DEPLOYMENT_TARGET = 14.5;
				MTL_ENABLE_DEBUG_INFO = INCLUDE_SOURCE;
				MTL_FAST_MATH = YES;
				ONLY_ACTIVE_ARCH = YES;
				SDKROOT = iphoneos;
				SWIFT_ACTIVE_COMPILATION_CONDITIONS = DEBUG;
				SWIFT_OPTIMIZATION_LEVEL = "-Onone";
			};
			name = Debug;
		};
		71510F2D26737D9500AE91D3 /* Release */ = {
			isa = XCBuildConfiguration;
			buildSettings = {
				ALWAYS_SEARCH_USER_PATHS = NO;
				CLANG_ANALYZER_NONNULL = YES;
				CLANG_ANALYZER_NUMBER_OBJECT_CONVERSION = YES_AGGRESSIVE;
				CLANG_CXX_LANGUAGE_STANDARD = "gnu++14";
				CLANG_CXX_LIBRARY = "libc++";
				CLANG_ENABLE_MODULES = YES;
				CLANG_ENABLE_OBJC_ARC = YES;
				CLANG_ENABLE_OBJC_WEAK = YES;
				CLANG_WARN_BLOCK_CAPTURE_AUTORELEASING = YES;
				CLANG_WARN_BOOL_CONVERSION = YES;
				CLANG_WARN_COMMA = YES;
				CLANG_WARN_CONSTANT_CONVERSION = YES;
				CLANG_WARN_DEPRECATED_OBJC_IMPLEMENTATIONS = YES;
				CLANG_WARN_DIRECT_OBJC_ISA_USAGE = YES_ERROR;
				CLANG_WARN_DOCUMENTATION_COMMENTS = YES;
				CLANG_WARN_EMPTY_BODY = YES;
				CLANG_WARN_ENUM_CONVERSION = YES;
				CLANG_WARN_INFINITE_RECURSION = YES;
				CLANG_WARN_INT_CONVERSION = YES;
				CLANG_WARN_NON_LITERAL_NULL_CONVERSION = YES;
				CLANG_WARN_OBJC_IMPLICIT_RETAIN_SELF = YES;
				CLANG_WARN_OBJC_LITERAL_CONVERSION = YES;
				CLANG_WARN_OBJC_ROOT_CLASS = YES_ERROR;
				CLANG_WARN_QUOTED_INCLUDE_IN_FRAMEWORK_HEADER = YES;
				CLANG_WARN_RANGE_LOOP_ANALYSIS = YES;
				CLANG_WARN_STRICT_PROTOTYPES = YES;
				CLANG_WARN_SUSPICIOUS_MOVE = YES;
				CLANG_WARN_UNGUARDED_AVAILABILITY = YES_AGGRESSIVE;
				CLANG_WARN_UNREACHABLE_CODE = YES;
				CLANG_WARN__DUPLICATE_METHOD_MATCH = YES;
				COPY_PHASE_STRIP = NO;
				DEBUG_INFORMATION_FORMAT = "dwarf-with-dsym";
				ENABLE_NS_ASSERTIONS = NO;
				ENABLE_STRICT_OBJC_MSGSEND = YES;
				GCC_C_LANGUAGE_STANDARD = gnu11;
				GCC_NO_COMMON_BLOCKS = YES;
				GCC_WARN_64_TO_32_BIT_CONVERSION = YES;
				GCC_WARN_ABOUT_RETURN_TYPE = YES_ERROR;
				GCC_WARN_UNDECLARED_SELECTOR = YES;
				GCC_WARN_UNINITIALIZED_AUTOS = YES_AGGRESSIVE;
				GCC_WARN_UNUSED_FUNCTION = YES;
				GCC_WARN_UNUSED_VARIABLE = YES;
				IPHONEOS_DEPLOYMENT_TARGET = 14.5;
				MTL_ENABLE_DEBUG_INFO = NO;
				MTL_FAST_MATH = YES;
				SDKROOT = iphoneos;
				SWIFT_COMPILATION_MODE = wholemodule;
				SWIFT_OPTIMIZATION_LEVEL = "-O";
				VALIDATE_PRODUCT = YES;
			};
			name = Release;
		};
		71510F2F26737D9500AE91D3 /* Debug */ = {
			isa = XCBuildConfiguration;
			buildSettings = {
				ASSETCATALOG_COMPILER_APPICON_NAME = AppIcon;
				ASSETCATALOG_COMPILER_GLOBAL_ACCENT_COLOR_NAME = AccentColor;
				CODE_SIGN_STYLE = Automatic;
				DEVELOPMENT_ASSET_PATHS = "\"SlidersUIKitSwiftUI/Preview Content\"";
				DEVELOPMENT_TEAM = W7M89AVC54;
				ENABLE_PREVIEWS = YES;
				INFOPLIST_FILE = SlidersUIKitSwiftUI/Info.plist;
				LD_RUNPATH_SEARCH_PATHS = (
					"$(inherited)",
					"@executable_path/Frameworks",
				);
				PRODUCT_BUNDLE_IDENTIFIER = Sokolovskiy.SlidersUIKitSwiftUI;
				PRODUCT_NAME = "$(TARGET_NAME)";
				SWIFT_VERSION = 5.0;
				TARGETED_DEVICE_FAMILY = "1,2";
			};
			name = Debug;
		};
		71510F3026737D9500AE91D3 /* Release */ = {
			isa = XCBuildConfiguration;
			buildSettings = {
				ASSETCATALOG_COMPILER_APPICON_NAME = AppIcon;
				ASSETCATALOG_COMPILER_GLOBAL_ACCENT_COLOR_NAME = AccentColor;
				CODE_SIGN_STYLE = Automatic;
				DEVELOPMENT_ASSET_PATHS = "\"SlidersUIKitSwiftUI/Preview Content\"";
				DEVELOPMENT_TEAM = W7M89AVC54;
				ENABLE_PREVIEWS = YES;
				INFOPLIST_FILE = SlidersUIKitSwiftUI/Info.plist;
				LD_RUNPATH_SEARCH_PATHS = (
					"$(inherited)",
					"@executable_path/Frameworks",
				);
				PRODUCT_BUNDLE_IDENTIFIER = Sokolovskiy.SlidersUIKitSwiftUI;
				PRODUCT_NAME = "$(TARGET_NAME)";
				SWIFT_VERSION = 5.0;
				TARGETED_DEVICE_FAMILY = "1,2";
			};
			name = Release;
		};
/* End XCBuildConfiguration section */

/* Begin XCConfigurationList section */
		71510F1526737D9300AE91D3 /* Build configuration list for PBXProject "SlidersUIKitSwiftUI" */ = {
			isa = XCConfigurationList;
			buildConfigurations = (
				71510F2C26737D9500AE91D3 /* Debug */,
				71510F2D26737D9500AE91D3 /* Release */,
			);
			defaultConfigurationIsVisible = 0;
			defaultConfigurationName = Release;
		};
		71510F2E26737D9500AE91D3 /* Build configuration list for PBXNativeTarget "SlidersUIKitSwiftUI" */ = {
			isa = XCConfigurationList;
			buildConfigurations = (
				71510F2F26737D9500AE91D3 /* Debug */,
				71510F3026737D9500AE91D3 /* Release */,
			);
			defaultConfigurationIsVisible = 0;
			defaultConfigurationName = Release;
		};
/* End XCConfigurationList section */
	};
	rootObject = 71510F1226737D9300AE91D3 /* Project object */;
}
